{
  "name": "sprout-ui",
  "version": "0.1.0",
  "lockfileVersion": 1,
  "requires": true,
  "dependencies": {
    "@hai2007/algorithm": {
      "version": "0.7.2",
      "resolved": "https://registry.npmjs.org/@hai2007/algorithm/-/algorithm-0.7.2.tgz",
      "integrity": "sha512-2dNSoFyC2fLFS61487xSPcq3eKlfRXEqsXLOypxxvWCDowJTH1ZrUxH3Glz+E/yLtfeIaxg7+rSg450T/4OeeQ==",
      "requires": {
        "@hai2007/tool": "^0.9.1"
      }
    },
    "@hai2007/tool": {
      "version": "0.9.2",
      "resolved": "https://registry.npmjs.org/@hai2007/tool/-/tool-0.9.2.tgz",
      "integrity": "sha512-YwA5sFyDk9s2l6T+P29fFuNbeCo6jWRLtG0F/UoNUziDyqZMSooO27JsKFGn2Iv3bDiQy25IHi4CwATdaDy1pA=="
    },
    "nefbl": {
      "version": "0.2.3",
      "resolved": "https://registry.npmjs.org/nefbl/-/nefbl-0.2.3.tgz",
      "integrity": "sha512-tSnUB+K0aMgUMZ1GdpR307QnYuo2g9bZD46Te5RgwxzY3Telct7izAIIzCLRPaZGooxPJCzyHUUl4UnXUY3X0w==",
      "dev": true,
      "requires": {
        "@hai2007/algorithm": "^0.5.1",
        "@hai2007/tool": "^0.6.2"
      },
      "dependencies": {
        "@hai2007/algorithm": {
          "version": "0.5.1",
          "resolved": "https://registry.npmjs.org/@hai2007/algorithm/-/algorithm-0.5.1.tgz",
          "integrity": "sha512-HhnZMyfWx90cTnIC58kZh2XuKCUxfUjd8Pxf+MXSQ1zLm3kUK6tzR5f882vI+yHoBBQbsDJ5QDwDokFky0Y84g==",
          "dev": true,
          "requires": {
            "@hai2007/tool": "^0.6.0"
          }
        },
        "@hai2007/tool": {
          "version": "0.6.6",
          "resolved": "https://registry.npmjs.org/@hai2007/tool/-/tool-0.6.6.tgz",
          "integrity": "sha512-NY+oSmnB2ihepJBDFw+2S6vUvJ+lj9AtibioWBbkEn2w/QOY+wNKBT1xgg0nstxx5ljWLd2oS9WqOPY/q7rICA==",
          "dev": true
        }
      }
    }
  }
}
